
Microsoft Visual Studio Solution File, Format Version 9.00
# Visual C# Express 2005
Project("{FAE04EC0-301F-11D3-BF4B-00C04F79EFBC}") = "WinFnord", "WinFnord\WinFnord.csproj", "{61C6B064-BAEB-4430-9416-25FB277C59AA}"
EndProject
Global
	GlobalSection(SolutionConfigurationPlatforms) = preSolution
		Debug|Any CPU = Debug|Any CPU
		Release|Any CPU = Release|Any CPU
	EndGlobalSection
	GlobalSection(ProjectConfigurationPlatforms) = postSolution
		{61C6B064-BAEB-4430-9416-25FB277C59AA}.Debug|Any CPU.ActiveCfg = Debug|Any CPU
		{61C6B064-BAEB-4430-9416-25FB277C59AA}.Debug|Any CPU.Build.0 = Debug|Any CPU
		{61C6B064-BAEB-4430-9416-25FB277C59AA}.Release|Any CPU.ActiveCfg = Release|Any CPU
		{61C6B064-BAEB-4430-9416-25FB277C59AA}.Release|Any CPU.Build.0 = Release|Any CPU
	EndGlobalSection
	GlobalSection(SolutionProperties) = preSolution
		HideSolutionNode = FALSE
	EndGlobalSection
EndGlobal
